
Microsoft Visual Studio Solution File, Format Version 12.00
# Visual Studio Version 17
VisualStudioVersion = 17.0.31903.59
MinimumVisualStudioVersion = 10.0.40219.1
Project("{2150E333-8FDC-42A3-9474-1A3956D46DE8}") = "modules", "modules", "{CA253913-39DE-BFD0-C9A3-4B7EC6FBDF17}"
EndProject
Project("{2150E333-8FDC-42A3-9474-1A3956D46DE8}") = "auth", "auth", "{CEAC0979-DAB2-0E19-81EF-22AE32770578}"
EndProject
Project("{2150E333-8FDC-42A3-9474-1A3956D46DE8}") = "src", "src", "{551A903D-BA59-E949-FA1B-7D9F40361F14}"
EndProject
Project("{FAE04EC0-301F-11D3-BF4B-00C04F79EFBC}") = "TPXSoft.Auth.Domain", "modules\auth\src\TPXSoft.Auth.Domain\TPXSoft.Auth.Domain.csproj", "{39CB1FDA-C86B-40CA-909B-74DA5E413624}"
EndProject
Project("{FAE04EC0-301F-11D3-BF4B-00C04F79EFBC}") = "TPXSoft.Auth.Infrastructure", "modules\auth\src\TPXSoft.Auth.Infrastructure\TPXSoft.Auth.Infrastructure.csproj", "{26347F3D-3C5F-4132-9CBD-D6FA22BF6AFE}"
EndProject
Project("{FAE04EC0-301F-11D3-BF4B-00C04F79EFBC}") = "TPXSoft.Auth.Api", "modules\auth\src\TPXSoft.Auth.Api\TPXSoft.Auth.Api.csproj", "{FE25D201-8F83-4715-B8B9-8C3428246262}"
EndProject
Project("{FAE04EC0-301F-11D3-BF4B-00C04F79EFBC}") = "TPXSoft.Auth.Mcp", "modules\auth\src\TPXSoft.Auth.Mcp\TPXSoft.Auth.Mcp.csproj", "{9FBCBD98-DA4B-40CC-BC3E-872F5F58AC25}"
EndProject
Project("{2150E333-8FDC-42A3-9474-1A3956D46DE8}") = "tests", "tests", "{F61B8C4F-A1ED-BF32-1365-B71B1094A3A2}"
EndProject
Project("{FAE04EC0-301F-11D3-BF4B-00C04F79EFBC}") = "TPXSoft.Auth.UnitTests", "modules\auth\tests\TPXSoft.Auth.UnitTests\TPXSoft.Auth.UnitTests.csproj", "{577E462A-72F6-4D61-985B-D92D708C8830}"
EndProject
Project("{FAE04EC0-301F-11D3-BF4B-00C04F79EFBC}") = "TPXSoft.Auth.IntegrationTests", "modules\auth\tests\TPXSoft.Auth.IntegrationTests\TPXSoft.Auth.IntegrationTests.csproj", "{E46A8C0F-64F5-4480-B458-1330EF4682E0}"
EndProject
Project("{2150E333-8FDC-42A3-9474-1A3956D46DE8}") = "documents", "documents", "{BBB59722-88FC-4F69-A81E-DEECBEA076DA}"
EndProject
Project("{2150E333-8FDC-42A3-9474-1A3956D46DE8}") = "src", "src", "{E7FBF381-A451-40E9-A6B6-866BA37CF60E}"
EndProject
Project("{FAE04EC0-301F-11D3-BF4B-00C04F79EFBC}") = "TPXSoft.Documents.Domain", "modules\documents\src\TPXSoft.Documents.Domain\TPXSoft.Documents.Domain.csproj", "{4E4C743C-7AD8-44BB-AEB4-DC2BA3A5B182}"
EndProject
Project("{FAE04EC0-301F-11D3-BF4B-00C04F79EFBC}") = "TPXSoft.Documents.Infrastructure", "modules\documents\src\TPXSoft.Documents.Infrastructure\TPXSoft.Documents.Infrastructure.csproj", "{B8E9F5F1-1397-422D-A076-A3674FF13E4C}"
EndProject
Project("{FAE04EC0-301F-11D3-BF4B-00C04F79EFBC}") = "TPXSoft.Documents.Api", "modules\documents\src\TPXSoft.Documents.Api\TPXSoft.Documents.Api.csproj", "{E734F231-45EC-459E-BE47-86CC3D484DC1}"
EndProject
Project("{FAE04EC0-301F-11D3-BF4B-00C04F79EFBC}") = "TPXSoft.Documents.Mcp", "modules\documents\src\TPXSoft.Documents.Mcp\TPXSoft.Documents.Mcp.csproj", "{89BEEEBB-D72F-4119-83F9-855AEE8C8A2D}"
EndProject
Project("{2150E333-8FDC-42A3-9474-1A3956D46DE8}") = "tests", "tests", "{4FAA07D1-5D42-4512-B34B-BDC4143F0155}"
EndProject
Project("{FAE04EC0-301F-11D3-BF4B-00C04F79EFBC}") = "TPXSoft.Documents.UnitTests", "modules\documents\tests\TPXSoft.Documents.UnitTests\TPXSoft.Documents.UnitTests.csproj", "{A4865616-F974-4EA2-9C89-C8E96ACCDF5D}"
EndProject
Project("{FAE04EC0-301F-11D3-BF4B-00C04F79EFBC}") = "TPXSoft.Documents.IntegrationTests", "modules\documents\tests\TPXSoft.Documents.IntegrationTests\TPXSoft.Documents.IntegrationTests.csproj", "{909F59B0-DFCF-40C4-BD05-EB55CE2BE4F3}"
EndProject
Project("{2150E333-8FDC-42A3-9474-1A3956D46DE8}") = "tools", "tools", "{07C2787E-EAC7-C090-1BA3-A61EC2A24D84}"
EndProject
Project("{2150E333-8FDC-42A3-9474-1A3956D46DE8}") = "tpx", "tpx", "{90C1F5F9-CE9B-3E19-0636-FC15F07B4C04}"
EndProject
Project("{FAE04EC0-301F-11D3-BF4B-00C04F79EFBC}") = "Tpx", "tools\tpx\Tpx.csproj", "{BE4B5946-BEFA-40C9-B265-CC26FCE3B894}"
EndProject
Global
	GlobalSection(SolutionConfigurationPlatforms) = preSolution
		Debug|Any CPU = Debug|Any CPU
		Debug|x64 = Debug|x64
		Debug|x86 = Debug|x86
		Release|Any CPU = Release|Any CPU
		Release|x64 = Release|x64
		Release|x86 = Release|x86
	EndGlobalSection
	GlobalSection(ProjectConfigurationPlatforms) = postSolution
		{39CB1FDA-C86B-40CA-909B-74DA5E413624}.Debug|Any CPU.ActiveCfg = Debug|Any CPU
		{39CB1FDA-C86B-40CA-909B-74DA5E413624}.Debug|Any CPU.Build.0 = Debug|Any CPU
		{39CB1FDA-C86B-40CA-909B-74DA5E413624}.Debug|x64.ActiveCfg = Debug|Any CPU
		{39CB1FDA-C86B-40CA-909B-74DA5E413624}.Debug|x64.Build.0 = Debug|Any CPU
		{39CB1FDA-C86B-40CA-909B-74DA5E413624}.Debug|x86.ActiveCfg = Debug|Any CPU
		{39CB1FDA-C86B-40CA-909B-74DA5E413624}.Debug|x86.Build.0 = Debug|Any CPU
		{39CB1FDA-C86B-40CA-909B-74DA5E413624}.Release|Any CPU.ActiveCfg = Release|Any CPU
		{39CB1FDA-C86B-40CA-909B-74DA5E413624}.Release|Any CPU.Build.0 = Release|Any CPU
		{39CB1FDA-C86B-40CA-909B-74DA5E413624}.Release|x64.ActiveCfg = Release|Any CPU
		{39CB1FDA-C86B-40CA-909B-74DA5E413624}.Release|x64.Build.0 = Release|Any CPU
		{39CB1FDA-C86B-40CA-909B-74DA5E413624}.Release|x86.ActiveCfg = Release|Any CPU
		{39CB1FDA-C86B-40CA-909B-74DA5E413624}.Release|x86.Build.0 = Release|Any CPU
		{26347F3D-3C5F-4132-9CBD-D6FA22BF6AFE}.Debug|Any CPU.ActiveCfg = Debug|Any CPU
		{26347F3D-3C5F-4132-9CBD-D6FA22BF6AFE}.Debug|Any CPU.Build.0 = Debug|Any CPU
		{26347F3D-3C5F-4132-9CBD-D6FA22BF6AFE}.Debug|x64.ActiveCfg = Debug|Any CPU
		{26347F3D-3C5F-4132-9CBD-D6FA22BF6AFE}.Debug|x64.Build.0 = Debug|Any CPU
		{26347F3D-3C5F-4132-9CBD-D6FA22BF6AFE}.Debug|x86.ActiveCfg = Debug|Any CPU
		{26347F3D-3C5F-4132-9CBD-D6FA22BF6AFE}.Debug|x86.Build.0 = Debug|Any CPU
		{26347F3D-3C5F-4132-9CBD-D6FA22BF6AFE}.Release|Any CPU.ActiveCfg = Release|Any CPU
		{26347F3D-3C5F-4132-9CBD-D6FA22BF6AFE}.Release|Any CPU.Build.0 = Release|Any CPU
		{26347F3D-3C5F-4132-9CBD-D6FA22BF6AFE}.Release|x64.ActiveCfg = Release|Any CPU
		{26347F3D-3C5F-4132-9CBD-D6FA22BF6AFE}.Release|x64.Build.0 = Release|Any CPU
		{26347F3D-3C5F-4132-9CBD-D6FA22BF6AFE}.Release|x86.ActiveCfg = Release|Any CPU
		{26347F3D-3C5F-4132-9CBD-D6FA22BF6AFE}.Release|x86.Build.0 = Release|Any CPU
		{FE25D201-8F83-4715-B8B9-8C3428246262}.Debug|Any CPU.ActiveCfg = Debug|Any CPU
		{FE25D201-8F83-4715-B8B9-8C3428246262}.Debug|Any CPU.Build.0 = Debug|Any CPU
		{FE25D201-8F83-4715-B8B9-8C3428246262}.Debug|x64.ActiveCfg = Debug|Any CPU
		{FE25D201-8F83-4715-B8B9-8C3428246262}.Debug|x64.Build.0 = Debug|Any CPU
		{FE25D201-8F83-4715-B8B9-8C3428246262}.Debug|x86.ActiveCfg = Debug|Any CPU
		{FE25D201-8F83-4715-B8B9-8C3428246262}.Debug|x86.Build.0 = Debug|Any CPU
		{FE25D201-8F83-4715-B8B9-8C3428246262}.Release|Any CPU.ActiveCfg = Release|Any CPU
		{FE25D201-8F83-4715-B8B9-8C3428246262}.Release|Any CPU.Build.0 = Release|Any CPU
		{FE25D201-8F83-4715-B8B9-8C3428246262}.Release|x64.ActiveCfg = Release|Any CPU
		{FE25D201-8F83-4715-B8B9-8C3428246262}.Release|x64.Build.0 = Release|Any CPU
		{FE25D201-8F83-4715-B8B9-8C3428246262}.Release|x86.ActiveCfg = Release|Any CPU
		{FE25D201-8F83-4715-B8B9-8C3428246262}.Release|x86.Build.0 = Release|Any CPU
		{9FBCBD98-DA4B-40CC-BC3E-872F5F58AC25}.Debug|Any CPU.ActiveCfg = Debug|Any CPU
		{9FBCBD98-DA4B-40CC-BC3E-872F5F58AC25}.Debug|Any CPU.Build.0 = Debug|Any CPU
		{9FBCBD98-DA4B-40CC-BC3E-872F5F58AC25}.Debug|x64.ActiveCfg = Debug|Any CPU
		{9FBCBD98-DA4B-40CC-BC3E-872F5F58AC25}.Debug|x64.Build.0 = Debug|Any CPU
		{9FBCBD98-DA4B-40CC-BC3E-872F5F58AC25}.Debug|x86.ActiveCfg = Debug|Any CPU
		{9FBCBD98-DA4B-40CC-BC3E-872F5F58AC25}.Debug|x86.Build.0 = Debug|Any CPU
		{9FBCBD98-DA4B-40CC-BC3E-872F5F58AC25}.Release|Any CPU.ActiveCfg = Release|Any CPU
		{9FBCBD98-DA4B-40CC-BC3E-872F5F58AC25}.Release|Any CPU.Build.0 = Release|Any CPU
		{9FBCBD98-DA4B-40CC-BC3E-872F5F58AC25}.Release|x64.ActiveCfg = Release|Any CPU
		{9FBCBD98-DA4B-40CC-BC3E-872F5F58AC25}.Release|x64.Build.0 = Release|Any CPU
		{9FBCBD98-DA4B-40CC-BC3E-872F5F58AC25}.Release|x86.ActiveCfg = Release|Any CPU
		{9FBCBD98-DA4B-40CC-BC3E-872F5F58AC25}.Release|x86.Build.0 = Release|Any CPU
		{577E462A-72F6-4D61-985B-D92D708C8830}.Debug|Any CPU.ActiveCfg = Debug|Any CPU
		{577E462A-72F6-4D61-985B-D92D708C8830}.Debug|Any CPU.Build.0 = Debug|Any CPU
		{577E462A-72F6-4D61-985B-D92D708C8830}.Debug|x64.ActiveCfg = Debug|Any CPU
		{577E462A-72F6-4D61-985B-D92D708C8830}.Debug|x64.Build.0 = Debug|Any CPU
		{577E462A-72F6-4D61-985B-D92D708C8830}.Debug|x86.ActiveCfg = Debug|Any CPU
		{577E462A-72F6-4D61-985B-D92D708C8830}.Debug|x86.Build.0 = Debug|Any CPU
		{577E462A-72F6-4D61-985B-D92D708C8830}.Release|Any CPU.ActiveCfg = Release|Any CPU
		{577E462A-72F6-4D61-985B-D92D708C8830}.Release|Any CPU.Build.0 = Release|Any CPU
		{577E462A-72F6-4D61-985B-D92D708C8830}.Release|x64.ActiveCfg = Release|Any CPU
		{577E462A-72F6-4D61-985B-D92D708C8830}.Release|x64.Build.0 = Release|Any CPU
		{577E462A-72F6-4D61-985B-D92D708C8830}.Release|x86.ActiveCfg = Release|Any CPU
		{577E462A-72F6-4D61-985B-D92D708C8830}.Release|x86.Build.0 = Release|Any CPU
		{E46A8C0F-64F5-4480-B458-1330EF4682E0}.Debug|Any CPU.ActiveCfg = Debug|Any CPU
		{E46A8C0F-64F5-4480-B458-1330EF4682E0}.Debug|Any CPU.Build.0 = Debug|Any CPU
		{E46A8C0F-64F5-4480-B458-1330EF4682E0}.Debug|x64.ActiveCfg = Debug|Any CPU
		{E46A8C0F-64F5-4480-B458-1330EF4682E0}.Debug|x64.Build.0 = Debug|Any CPU
		{E46A8C0F-64F5-4480-B458-1330EF4682E0}.Debug|x86.ActiveCfg = Debug|Any CPU
		{E46A8C0F-64F5-4480-B458-1330EF4682E0}.Debug|x86.Build.0 = Debug|Any CPU
		{E46A8C0F-64F5-4480-B458-1330EF4682E0}.Release|Any CPU.ActiveCfg = Release|Any CPU
		{E46A8C0F-64F5-4480-B458-1330EF4682E0}.Release|Any CPU.Build.0 = Release|Any CPU
		{E46A8C0F-64F5-4480-B458-1330EF4682E0}.Release|x64.ActiveCfg = Release|Any CPU
		{E46A8C0F-64F5-4480-B458-1330EF4682E0}.Release|x64.Build.0 = Release|Any CPU
		{E46A8C0F-64F5-4480-B458-1330EF4682E0}.Release|x86.ActiveCfg = Release|Any CPU
		{E46A8C0F-64F5-4480-B458-1330EF4682E0}.Release|x86.Build.0 = Release|Any CPU
		{BE4B5946-BEFA-40C9-B265-CC26FCE3B894}.Debug|Any CPU.ActiveCfg = Debug|Any CPU
		{BE4B5946-BEFA-40C9-B265-CC26FCE3B894}.Debug|Any CPU.Build.0 = Debug|Any CPU
		{BE4B5946-BEFA-40C9-B265-CC26FCE3B894}.Debug|x64.ActiveCfg = Debug|Any CPU
		{BE4B5946-BEFA-40C9-B265-CC26FCE3B894}.Debug|x64.Build.0 = Debug|Any CPU
		{BE4B5946-BEFA-40C9-B265-CC26FCE3B894}.Debug|x86.ActiveCfg = Debug|Any CPU
		{BE4B5946-BEFA-40C9-B265-CC26FCE3B894}.Debug|x86.Build.0 = Debug|Any CPU
		{BE4B5946-BEFA-40C9-B265-CC26FCE3B894}.Release|Any CPU.ActiveCfg = Release|Any CPU
		{BE4B5946-BEFA-40C9-B265-CC26FCE3B894}.Release|Any CPU.Build.0 = Release|Any CPU
		{BE4B5946-BEFA-40C9-B265-CC26FCE3B894}.Release|x64.ActiveCfg = Release|Any CPU
		{BE4B5946-BEFA-40C9-B265-CC26FCE3B894}.Release|x64.Build.0 = Release|Any CPU
		{BE4B5946-BEFA-40C9-B265-CC26FCE3B894}.Release|x86.ActiveCfg = Release|Any CPU
		{BE4B5946-BEFA-40C9-B265-CC26FCE3B894}.Release|x86.Build.0 = Release|Any CPU
		{4E4C743C-7AD8-44BB-AEB4-DC2BA3A5B182}.Debug|Any CPU.ActiveCfg = Debug|Any CPU
		{4E4C743C-7AD8-44BB-AEB4-DC2BA3A5B182}.Debug|Any CPU.Build.0 = Debug|Any CPU
		{4E4C743C-7AD8-44BB-AEB4-DC2BA3A5B182}.Debug|x64.ActiveCfg = Debug|Any CPU
		{4E4C743C-7AD8-44BB-AEB4-DC2BA3A5B182}.Debug|x64.Build.0 = Debug|Any CPU
		{4E4C743C-7AD8-44BB-AEB4-DC2BA3A5B182}.Debug|x86.ActiveCfg = Debug|Any CPU
		{4E4C743C-7AD8-44BB-AEB4-DC2BA3A5B182}.Debug|x86.Build.0 = Debug|Any CPU
		{4E4C743C-7AD8-44BB-AEB4-DC2BA3A5B182}.Release|Any CPU.ActiveCfg = Release|Any CPU
		{4E4C743C-7AD8-44BB-AEB4-DC2BA3A5B182}.Release|Any CPU.Build.0 = Release|Any CPU
		{4E4C743C-7AD8-44BB-AEB4-DC2BA3A5B182}.Release|x64.ActiveCfg = Release|Any CPU
		{4E4C743C-7AD8-44BB-AEB4-DC2BA3A5B182}.Release|x64.Build.0 = Release|Any CPU
		{4E4C743C-7AD8-44BB-AEB4-DC2BA3A5B182}.Release|x86.ActiveCfg = Release|Any CPU
		{4E4C743C-7AD8-44BB-AEB4-DC2BA3A5B182}.Release|x86.Build.0 = Release|Any CPU
		{B8E9F5F1-1397-422D-A076-A3674FF13E4C}.Debug|Any CPU.ActiveCfg = Debug|Any CPU
		{B8E9F5F1-1397-422D-A076-A3674FF13E4C}.Debug|Any CPU.Build.0 = Debug|Any CPU
		{B8E9F5F1-1397-422D-A076-A3674FF13E4C}.Debug|x64.ActiveCfg = Debug|Any CPU
		{B8E9F5F1-1397-422D-A076-A3674FF13E4C}.Debug|x64.Build.0 = Debug|Any CPU
		{B8E9F5F1-1397-422D-A076-A3674FF13E4C}.Debug|x86.ActiveCfg = Debug|Any CPU
		{B8E9F5F1-1397-422D-A076-A3674FF13E4C}.Debug|x86.Build.0 = Debug|Any CPU
		{B8E9F5F1-1397-422D-A076-A3674FF13E4C}.Release|Any CPU.ActiveCfg = Release|Any CPU
		{B8E9F5F1-1397-422D-A076-A3674FF13E4C}.Release|Any CPU.Build.0 = Release|Any CPU
		{B8E9F5F1-1397-422D-A076-A3674FF13E4C}.Release|x64.ActiveCfg = Release|Any CPU
		{B8E9F5F1-1397-422D-A076-A3674FF13E4C}.Release|x64.Build.0 = Release|Any CPU
		{B8E9F5F1-1397-422D-A076-A3674FF13E4C}.Release|x86.ActiveCfg = Release|Any CPU
		{B8E9F5F1-1397-422D-A076-A3674FF13E4C}.Release|x86.Build.0 = Release|Any CPU
		{E734F231-45EC-459E-BE47-86CC3D484DC1}.Debug|Any CPU.ActiveCfg = Debug|Any CPU
		{E734F231-45EC-459E-BE47-86CC3D484DC1}.Debug|Any CPU.Build.0 = Debug|Any CPU
		{E734F231-45EC-459E-BE47-86CC3D484DC1}.Debug|x64.ActiveCfg = Debug|Any CPU
		{E734F231-45EC-459E-BE47-86CC3D484DC1}.Debug|x64.Build.0 = Debug|Any CPU
		{E734F231-45EC-459E-BE47-86CC3D484DC1}.Debug|x86.ActiveCfg = Debug|Any CPU
		{E734F231-45EC-459E-BE47-86CC3D484DC1}.Debug|x86.Build.0 = Debug|Any CPU
		{E734F231-45EC-459E-BE47-86CC3D484DC1}.Release|Any CPU.ActiveCfg = Release|Any CPU
		{E734F231-45EC-459E-BE47-86CC3D484DC1}.Release|Any CPU.Build.0 = Release|Any CPU
		{E734F231-45EC-459E-BE47-86CC3D484DC1}.Release|x64.ActiveCfg = Release|Any CPU
		{E734F231-45EC-459E-BE47-86CC3D484DC1}.Release|x64.Build.0 = Release|Any CPU
		{E734F231-45EC-459E-BE47-86CC3D484DC1}.Release|x86.ActiveCfg = Release|Any CPU
		{E734F231-45EC-459E-BE47-86CC3D484DC1}.Release|x86.Build.0 = Release|Any CPU
		{89BEEEBB-D72F-4119-83F9-855AEE8C8A2D}.Debug|Any CPU.ActiveCfg = Debug|Any CPU
		{89BEEEBB-D72F-4119-83F9-855AEE8C8A2D}.Debug|Any CPU.Build.0 = Debug|Any CPU
		{89BEEEBB-D72F-4119-83F9-855AEE8C8A2D}.Debug|x64.ActiveCfg = Debug|Any CPU
		{89BEEEBB-D72F-4119-83F9-855AEE8C8A2D}.Debug|x64.Build.0 = Debug|Any CPU
		{89BEEEBB-D72F-4119-83F9-855AEE8C8A2D}.Debug|x86.ActiveCfg = Debug|Any CPU
		{89BEEEBB-D72F-4119-83F9-855AEE8C8A2D}.Debug|x86.Build.0 = Debug|Any CPU
		{89BEEEBB-D72F-4119-83F9-855AEE8C8A2D}.Release|Any CPU.ActiveCfg = Release|Any CPU
		{89BEEEBB-D72F-4119-83F9-855AEE8C8A2D}.Release|Any CPU.Build.0 = Release|Any CPU
		{89BEEEBB-D72F-4119-83F9-855AEE8C8A2D}.Release|x64.ActiveCfg = Release|Any CPU
		{89BEEEBB-D72F-4119-83F9-855AEE8C8A2D}.Release|x64.Build.0 = Release|Any CPU
		{89BEEEBB-D72F-4119-83F9-855AEE8C8A2D}.Release|x86.ActiveCfg = Release|Any CPU
		{89BEEEBB-D72F-4119-83F9-855AEE8C8A2D}.Release|x86.Build.0 = Release|Any CPU
		{A4865616-F974-4EA2-9C89-C8E96ACCDF5D}.Debug|Any CPU.ActiveCfg = Debug|Any CPU
		{A4865616-F974-4EA2-9C89-C8E96ACCDF5D}.Debug|Any CPU.Build.0 = Debug|Any CPU
		{A4865616-F974-4EA2-9C89-C8E96ACCDF5D}.Debug|x64.ActiveCfg = Debug|Any CPU
		{A4865616-F974-4EA2-9C89-C8E96ACCDF5D}.Debug|x64.Build.0 = Debug|Any CPU
		{A4865616-F974-4EA2-9C89-C8E96ACCDF5D}.Debug|x86.ActiveCfg = Debug|Any CPU
		{A4865616-F974-4EA2-9C89-C8E96ACCDF5D}.Debug|x86.Build.0 = Debug|Any CPU
		{A4865616-F974-4EA2-9C89-C8E96ACCDF5D}.Release|Any CPU.ActiveCfg = Release|Any CPU
		{A4865616-F974-4EA2-9C89-C8E96ACCDF5D}.Release|Any CPU.Build.0 = Release|Any CPU
		{A4865616-F974-4EA2-9C89-C8E96ACCDF5D}.Release|x64.ActiveCfg = Release|Any CPU
		{A4865616-F974-4EA2-9C89-C8E96ACCDF5D}.Release|x64.Build.0 = Release|Any CPU
		{A4865616-F974-4EA2-9C89-C8E96ACCDF5D}.Release|x86.ActiveCfg = Release|Any CPU
		{A4865616-F974-4EA2-9C89-C8E96ACCDF5D}.Release|x86.Build.0 = Release|Any CPU
		{909F59B0-DFCF-40C4-BD05-EB55CE2BE4F3}.Debug|Any CPU.ActiveCfg = Debug|Any CPU
		{909F59B0-DFCF-40C4-BD05-EB55CE2BE4F3}.Debug|Any CPU.Build.0 = Debug|Any CPU
		{909F59B0-DFCF-40C4-BD05-EB55CE2BE4F3}.Debug|x64.ActiveCfg = Debug|Any CPU
		{909F59B0-DFCF-40C4-BD05-EB55CE2BE4F3}.Debug|x64.Build.0 = Debug|Any CPU
		{909F59B0-DFCF-40C4-BD05-EB55CE2BE4F3}.Debug|x86.ActiveCfg = Debug|Any CPU
		{909F59B0-DFCF-40C4-BD05-EB55CE2BE4F3}.Debug|x86.Build.0 = Debug|Any CPU
		{909F59B0-DFCF-40C4-BD05-EB55CE2BE4F3}.Release|Any CPU.ActiveCfg = Release|Any CPU
		{909F59B0-DFCF-40C4-BD05-EB55CE2BE4F3}.Release|Any CPU.Build.0 = Release|Any CPU
		{909F59B0-DFCF-40C4-BD05-EB55CE2BE4F3}.Release|x64.ActiveCfg = Release|Any CPU
		{909F59B0-DFCF-40C4-BD05-EB55CE2BE4F3}.Release|x64.Build.0 = Release|Any CPU
		{909F59B0-DFCF-40C4-BD05-EB55CE2BE4F3}.Release|x86.ActiveCfg = Release|Any CPU
		{909F59B0-DFCF-40C4-BD05-EB55CE2BE4F3}.Release|x86.Build.0 = Release|Any CPU
	EndGlobalSection
	GlobalSection(SolutionProperties) = preSolution
		HideSolutionNode = FALSE
	EndGlobalSection
	GlobalSection(NestedProjects) = preSolution
		{CEAC0979-DAB2-0E19-81EF-22AE32770578} = {CA253913-39DE-BFD0-C9A3-4B7EC6FBDF17}
		{551A903D-BA59-E949-FA1B-7D9F40361F14} = {CEAC0979-DAB2-0E19-81EF-22AE32770578}
		{39CB1FDA-C86B-40CA-909B-74DA5E413624} = {551A903D-BA59-E949-FA1B-7D9F40361F14}
		{26347F3D-3C5F-4132-9CBD-D6FA22BF6AFE} = {551A903D-BA59-E949-FA1B-7D9F40361F14}
		{FE25D201-8F83-4715-B8B9-8C3428246262} = {551A903D-BA59-E949-FA1B-7D9F40361F14}
		{9FBCBD98-DA4B-40CC-BC3E-872F5F58AC25} = {551A903D-BA59-E949-FA1B-7D9F40361F14}
		{F61B8C4F-A1ED-BF32-1365-B71B1094A3A2} = {CEAC0979-DAB2-0E19-81EF-22AE32770578}
		{577E462A-72F6-4D61-985B-D92D708C8830} = {F61B8C4F-A1ED-BF32-1365-B71B1094A3A2}
		{E46A8C0F-64F5-4480-B458-1330EF4682E0} = {F61B8C4F-A1ED-BF32-1365-B71B1094A3A2}
		{E7FBF381-A451-40E9-A6B6-866BA37CF60E} = {BBB59722-88FC-4F69-A81E-DEECBEA076DA}
		{4E4C743C-7AD8-44BB-AEB4-DC2BA3A5B182} = {E7FBF381-A451-40E9-A6B6-866BA37CF60E}
		{B8E9F5F1-1397-422D-A076-A3674FF13E4C} = {E7FBF381-A451-40E9-A6B6-866BA37CF60E}
		{E734F231-45EC-459E-BE47-86CC3D484DC1} = {E7FBF381-A451-40E9-A6B6-866BA37CF60E}
		{89BEEEBB-D72F-4119-83F9-855AEE8C8A2D} = {E7FBF381-A451-40E9-A6B6-866BA37CF60E}
		{4FAA07D1-5D42-4512-B34B-BDC4143F0155} = {BBB59722-88FC-4F69-A81E-DEECBEA076DA}
		{A4865616-F974-4EA2-9C89-C8E96ACCDF5D} = {4FAA07D1-5D42-4512-B34B-BDC4143F0155}
		{909F59B0-DFCF-40C4-BD05-EB55CE2BE4F3} = {4FAA07D1-5D42-4512-B34B-BDC4143F0155}
		{90C1F5F9-CE9B-3E19-0636-FC15F07B4C04} = {07C2787E-EAC7-C090-1BA3-A61EC2A24D84}
		{BE4B5946-BEFA-40C9-B265-CC26FCE3B894} = {90C1F5F9-CE9B-3E19-0636-FC15F07B4C04}
	EndGlobalSection
EndGlobal
