
Microsoft Visual Studio Solution File, Format Version 12.00
# Visual Studio Version 17
VisualStudioVersion = 17.0.31903.59
MinimumVisualStudioVersion = 10.0.40219.1
Project("{2150E333-8FDC-42A3-9474-1A3956D46DE8}") = "src", "src", "{F4AFBB1B-B48D-4F3A-9950-9697392FF1BF}"
EndProject
Project("{FAE04EC0-301F-11D3-BF4B-00C04F79EFBC}") = "TPXSoft.Documents.Domain", "src\TPXSoft.Documents.Domain\TPXSoft.Documents.Domain.csproj", "{578AC574-5FA1-444A-859E-A12C46E971EC}"
EndProject
Project("{FAE04EC0-301F-11D3-BF4B-00C04F79EFBC}") = "TPXSoft.Documents.Infrastructure", "src\TPXSoft.Documents.Infrastructure\TPXSoft.Documents.Infrastructure.csproj", "{081E83E5-C32C-4E72-B02E-2578011619DF}"
EndProject
Project("{FAE04EC0-301F-11D3-BF4B-00C04F79EFBC}") = "TPXSoft.Documents.Api", "src\TPXSoft.Documents.Api\TPXSoft.Documents.Api.csproj", "{DFD0F108-65DB-45E8-9024-82DB5E50F7FB}"
EndProject
Project("{FAE04EC0-301F-11D3-BF4B-00C04F79EFBC}") = "TPXSoft.Documents.Mcp", "src\TPXSoft.Documents.Mcp\TPXSoft.Documents.Mcp.csproj", "{5C8686C5-F941-4186-A171-4140ACAB42D9}"
EndProject
Project("{2150E333-8FDC-42A3-9474-1A3956D46DE8}") = "tests", "tests", "{135C4949-D341-4E2E-A1E6-6ABD2AC63CA5}"
EndProject
Project("{FAE04EC0-301F-11D3-BF4B-00C04F79EFBC}") = "TPXSoft.Documents.UnitTests", "tests\TPXSoft.Documents.UnitTests\TPXSoft.Documents.UnitTests.csproj", "{167E541A-34C7-4742-9F9C-1E42A5FF5B96}"
EndProject
Project("{FAE04EC0-301F-11D3-BF4B-00C04F79EFBC}") = "TPXSoft.Documents.IntegrationTests", "tests\TPXSoft.Documents.IntegrationTests\TPXSoft.Documents.IntegrationTests.csproj", "{58EE4145-DC65-4990-A1FA-BE9BAA7331DB}"
EndProject
Global
	GlobalSection(SolutionConfigurationPlatforms) = preSolution
		Debug|Any CPU = Debug|Any CPU
		Debug|x64 = Debug|x64
		Debug|x86 = Debug|x86
		Release|Any CPU = Release|Any CPU
		Release|x64 = Release|x64
		Release|x86 = Release|x86
	EndGlobalSection
	GlobalSection(ProjectConfigurationPlatforms) = postSolution
		{578AC574-5FA1-444A-859E-A12C46E971EC}.Debug|Any CPU.ActiveCfg = Debug|Any CPU
		{578AC574-5FA1-444A-859E-A12C46E971EC}.Debug|Any CPU.Build.0 = Debug|Any CPU
		{578AC574-5FA1-444A-859E-A12C46E971EC}.Debug|x64.ActiveCfg = Debug|Any CPU
		{578AC574-5FA1-444A-859E-A12C46E971EC}.Debug|x64.Build.0 = Debug|Any CPU
		{578AC574-5FA1-444A-859E-A12C46E971EC}.Debug|x86.ActiveCfg = Debug|Any CPU
		{578AC574-5FA1-444A-859E-A12C46E971EC}.Debug|x86.Build.0 = Debug|Any CPU
		{578AC574-5FA1-444A-859E-A12C46E971EC}.Release|Any CPU.ActiveCfg = Release|Any CPU
		{578AC574-5FA1-444A-859E-A12C46E971EC}.Release|Any CPU.Build.0 = Release|Any CPU
		{578AC574-5FA1-444A-859E-A12C46E971EC}.Release|x64.ActiveCfg = Release|Any CPU
		{578AC574-5FA1-444A-859E-A12C46E971EC}.Release|x64.Build.0 = Release|Any CPU
		{578AC574-5FA1-444A-859E-A12C46E971EC}.Release|x86.ActiveCfg = Release|Any CPU
		{578AC574-5FA1-444A-859E-A12C46E971EC}.Release|x86.Build.0 = Release|Any CPU
		{081E83E5-C32C-4E72-B02E-2578011619DF}.Debug|Any CPU.ActiveCfg = Debug|Any CPU
		{081E83E5-C32C-4E72-B02E-2578011619DF}.Debug|Any CPU.Build.0 = Debug|Any CPU
		{081E83E5-C32C-4E72-B02E-2578011619DF}.Debug|x64.ActiveCfg = Debug|Any CPU
		{081E83E5-C32C-4E72-B02E-2578011619DF}.Debug|x64.Build.0 = Debug|Any CPU
		{081E83E5-C32C-4E72-B02E-2578011619DF}.Debug|x86.ActiveCfg = Debug|Any CPU
		{081E83E5-C32C-4E72-B02E-2578011619DF}.Debug|x86.Build.0 = Debug|Any CPU
		{081E83E5-C32C-4E72-B02E-2578011619DF}.Release|Any CPU.ActiveCfg = Release|Any CPU
		{081E83E5-C32C-4E72-B02E-2578011619DF}.Release|Any CPU.Build.0 = Release|Any CPU
		{081E83E5-C32C-4E72-B02E-2578011619DF}.Release|x64.ActiveCfg = Release|Any CPU
		{081E83E5-C32C-4E72-B02E-2578011619DF}.Release|x64.Build.0 = Release|Any CPU
		{081E83E5-C32C-4E72-B02E-2578011619DF}.Release|x86.ActiveCfg = Release|Any CPU
		{081E83E5-C32C-4E72-B02E-2578011619DF}.Release|x86.Build.0 = Release|Any CPU
		{DFD0F108-65DB-45E8-9024-82DB5E50F7FB}.Debug|Any CPU.ActiveCfg = Debug|Any CPU
		{DFD0F108-65DB-45E8-9024-82DB5E50F7FB}.Debug|Any CPU.Build.0 = Debug|Any CPU
		{DFD0F108-65DB-45E8-9024-82DB5E50F7FB}.Debug|x64.ActiveCfg = Debug|Any CPU
		{DFD0F108-65DB-45E8-9024-82DB5E50F7FB}.Debug|x64.Build.0 = Debug|Any CPU
		{DFD0F108-65DB-45E8-9024-82DB5E50F7FB}.Debug|x86.ActiveCfg = Debug|Any CPU
		{DFD0F108-65DB-45E8-9024-82DB5E50F7FB}.Debug|x86.Build.0 = Debug|Any CPU
		{DFD0F108-65DB-45E8-9024-82DB5E50F7FB}.Release|Any CPU.ActiveCfg = Release|Any CPU
		{DFD0F108-65DB-45E8-9024-82DB5E50F7FB}.Release|Any CPU.Build.0 = Release|Any CPU
		{DFD0F108-65DB-45E8-9024-82DB5E50F7FB}.Release|x64.ActiveCfg = Release|Any CPU
		{DFD0F108-65DB-45E8-9024-82DB5E50F7FB}.Release|x64.Build.0 = Release|Any CPU
		{DFD0F108-65DB-45E8-9024-82DB5E50F7FB}.Release|x86.ActiveCfg = Release|Any CPU
		{DFD0F108-65DB-45E8-9024-82DB5E50F7FB}.Release|x86.Build.0 = Release|Any CPU
		{5C8686C5-F941-4186-A171-4140ACAB42D9}.Debug|Any CPU.ActiveCfg = Debug|Any CPU
		{5C8686C5-F941-4186-A171-4140ACAB42D9}.Debug|Any CPU.Build.0 = Debug|Any CPU
		{5C8686C5-F941-4186-A171-4140ACAB42D9}.Debug|x64.ActiveCfg = Debug|Any CPU
		{5C8686C5-F941-4186-A171-4140ACAB42D9}.Debug|x64.Build.0 = Debug|Any CPU
		{5C8686C5-F941-4186-A171-4140ACAB42D9}.Debug|x86.ActiveCfg = Debug|Any CPU
		{5C8686C5-F941-4186-A171-4140ACAB42D9}.Debug|x86.Build.0 = Debug|Any CPU
		{5C8686C5-F941-4186-A171-4140ACAB42D9}.Release|Any CPU.ActiveCfg = Release|Any CPU
		{5C8686C5-F941-4186-A171-4140ACAB42D9}.Release|Any CPU.Build.0 = Release|Any CPU
		{5C8686C5-F941-4186-A171-4140ACAB42D9}.Release|x64.ActiveCfg = Release|Any CPU
		{5C8686C5-F941-4186-A171-4140ACAB42D9}.Release|x64.Build.0 = Release|Any CPU
		{5C8686C5-F941-4186-A171-4140ACAB42D9}.Release|x86.ActiveCfg = Release|Any CPU
		{5C8686C5-F941-4186-A171-4140ACAB42D9}.Release|x86.Build.0 = Release|Any CPU
		{167E541A-34C7-4742-9F9C-1E42A5FF5B96}.Debug|Any CPU.ActiveCfg = Debug|Any CPU
		{167E541A-34C7-4742-9F9C-1E42A5FF5B96}.Debug|Any CPU.Build.0 = Debug|Any CPU
		{167E541A-34C7-4742-9F9C-1E42A5FF5B96}.Debug|x64.ActiveCfg = Debug|Any CPU
		{167E541A-34C7-4742-9F9C-1E42A5FF5B96}.Debug|x64.Build.0 = Debug|Any CPU
		{167E541A-34C7-4742-9F9C-1E42A5FF5B96}.Debug|x86.ActiveCfg = Debug|Any CPU
		{167E541A-34C7-4742-9F9C-1E42A5FF5B96}.Debug|x86.Build.0 = Debug|Any CPU
		{167E541A-34C7-4742-9F9C-1E42A5FF5B96}.Release|Any CPU.ActiveCfg = Release|Any CPU
		{167E541A-34C7-4742-9F9C-1E42A5FF5B96}.Release|Any CPU.Build.0 = Release|Any CPU
		{167E541A-34C7-4742-9F9C-1E42A5FF5B96}.Release|x64.ActiveCfg = Release|Any CPU
		{167E541A-34C7-4742-9F9C-1E42A5FF5B96}.Release|x64.Build.0 = Release|Any CPU
		{167E541A-34C7-4742-9F9C-1E42A5FF5B96}.Release|x86.ActiveCfg = Release|Any CPU
		{167E541A-34C7-4742-9F9C-1E42A5FF5B96}.Release|x86.Build.0 = Release|Any CPU
		{58EE4145-DC65-4990-A1FA-BE9BAA7331DB}.Debug|Any CPU.ActiveCfg = Debug|Any CPU
		{58EE4145-DC65-4990-A1FA-BE9BAA7331DB}.Debug|Any CPU.Build.0 = Debug|Any CPU
		{58EE4145-DC65-4990-A1FA-BE9BAA7331DB}.Debug|x64.ActiveCfg = Debug|Any CPU
		{58EE4145-DC65-4990-A1FA-BE9BAA7331DB}.Debug|x64.Build.0 = Debug|Any CPU
		{58EE4145-DC65-4990-A1FA-BE9BAA7331DB}.Debug|x86.ActiveCfg = Debug|Any CPU
		{58EE4145-DC65-4990-A1FA-BE9BAA7331DB}.Debug|x86.Build.0 = Debug|Any CPU
		{58EE4145-DC65-4990-A1FA-BE9BAA7331DB}.Release|Any CPU.ActiveCfg = Release|Any CPU
		{58EE4145-DC65-4990-A1FA-BE9BAA7331DB}.Release|Any CPU.Build.0 = Release|Any CPU
		{58EE4145-DC65-4990-A1FA-BE9BAA7331DB}.Release|x64.ActiveCfg = Release|Any CPU
		{58EE4145-DC65-4990-A1FA-BE9BAA7331DB}.Release|x64.Build.0 = Release|Any CPU
		{58EE4145-DC65-4990-A1FA-BE9BAA7331DB}.Release|x86.ActiveCfg = Release|Any CPU
		{58EE4145-DC65-4990-A1FA-BE9BAA7331DB}.Release|x86.Build.0 = Release|Any CPU
	EndGlobalSection
	GlobalSection(SolutionProperties) = preSolution
		HideSolutionNode = FALSE
	EndGlobalSection
	GlobalSection(NestedProjects) = preSolution
		{578AC574-5FA1-444A-859E-A12C46E971EC} = {F4AFBB1B-B48D-4F3A-9950-9697392FF1BF}
		{081E83E5-C32C-4E72-B02E-2578011619DF} = {F4AFBB1B-B48D-4F3A-9950-9697392FF1BF}
		{DFD0F108-65DB-45E8-9024-82DB5E50F7FB} = {F4AFBB1B-B48D-4F3A-9950-9697392FF1BF}
		{5C8686C5-F941-4186-A171-4140ACAB42D9} = {F4AFBB1B-B48D-4F3A-9950-9697392FF1BF}
		{167E541A-34C7-4742-9F9C-1E42A5FF5B96} = {135C4949-D341-4E2E-A1E6-6ABD2AC63CA5}
		{58EE4145-DC65-4990-A1FA-BE9BAA7331DB} = {135C4949-D341-4E2E-A1E6-6ABD2AC63CA5}
	EndGlobalSection
EndGlobal
